// !$*UTF8*$!
{
	archiveVersion = 1;
	classes = {
	};
	objectVersion = 46;
	objects = {

/* Begin PBXBuildFile section */
		B5A43AB71C2DB95400CC07A5 /* DPad.h in Headers */ = {isa = PBXBuildFile; fileRef = B5A43AB61C2DB95400CC07A5 /* DPad.h */; settings = {ATTRIBUTES = (Public, ); }; };
		B5A43AF01C2DBD5600CC07A5 /* DPad.swift in Sources */ = {isa = PBXBuildFile; fileRef = B5A43AEF1C2DBD5600CC07A5 /* DPad.swift */; };
		B5A43AF21C2DBDBB00CC07A5 /* Vec2.swift in Sources */ = {isa = PBXBuildFile; fileRef = B5A43AF11C2DBDBB00CC07A5 /* Vec2.swift */; };
/* End PBXBuildFile section */

/* Begin PBXFileReference section */
		B5A43AB31C2DB95400CC07A5 /* DPad.framework */ = {isa = PBXFileReference; explicitFileType = wrapper.framework; includeInIndex = 0; path = DPad.framework; sourceTree = BUILT_PRODUCTS_DIR; };
		B5A43AB61C2DB95400CC07A5 /* DPad.h */ = {isa = PBXFileReference; lastKnownFileType = sourcecode.c.h; path = DPad.h; sourceTree = "<group>"; };
		B5A43AB81C2DB95400CC07A5 /* Info.plist */ = {isa = PBXFileReference; lastKnownFileType = text.plist.xml; path = Info.plist; sourceTree = "<group>"; };
		B5A43AEF1C2DBD5600CC07A5 /* DPad.swift */ = {isa = PBXFileReference; fileEncoding = 4; lastKnownFileType = sourcecode.swift; path = DPad.swift; sourceTree = "<group>"; };
		B5A43AF11C2DBDBB00CC07A5 /* Vec2.swift */ = {isa = PBXFileReference; fileEncoding = 4; lastKnownFileType = sourcecode.swift; path = Vec2.swift; sourceTree = "<group>"; };
/* End PBXFileReference section */

/* Begin PBXFrameworksBuildPhase section */
		B5A43AAF1C2DB95400CC07A5 /* Frameworks */ = {
			isa = PBXFrameworksBuildPhase;
			buildActionMask = 2147483647;
			files = (
			);
			runOnlyForDeploymentPostprocessing = 0;
		};
/* End PBXFrameworksBuildPhase section */

/* Begin PBXGroup section */
		B5A43AA91C2DB95400CC07A5 = {
			isa = PBXGroup;
			children = (
				B5A43AB51C2DB95400CC07A5 /* DPad */,
				B5A43AB41C2DB95400CC07A5 /* Products */,
			);
			sourceTree = "<group>";
		};
		B5A43AB41C2DB95400CC07A5 /* Products */ = {
			isa = PBXGroup;
			children = (
				B5A43AB31C2DB95400CC07A5 /* DPad.framework */,
			);
			name = Products;
			sourceTree = "<group>";
		};
		B5A43AB51C2DB95400CC07A5 /* DPad */ = {
			isa = PBXGroup;
			children = (
				B5A43AEE1C2DBD3E00CC07A5 /* Classes */,
				B5A43AB61C2DB95400CC07A5 /* DPad.h */,
				B5A43AB81C2DB95400CC07A5 /* Info.plist */,
			);
			path = DPad;
			sourceTree = "<group>";
		};
		B5A43AEE1C2DBD3E00CC07A5 /* Classes */ = {
			isa = PBXGroup;
			children = (
				B5A43AEF1C2DBD5600CC07A5 /* DPad.swift */,
				B5A43AF11C2DBDBB00CC07A5 /* Vec2.swift */,
			);
			name = Classes;
			sourceTree = "<group>";
		};
/* End PBXGroup section */

/* Begin PBXHeadersBuildPhase section */
		B5A43AB01C2DB95400CC07A5 /* Headers */ = {
			isa = PBXHeadersBuildPhase;
			buildActionMask = 2147483647;
			files = (
				B5A43AB71C2DB95400CC07A5 /* DPad.h in Headers */,
			);
			runOnlyForDeploymentPostprocessing = 0;
		};
/* End PBXHeadersBuildPhase section */

/* Begin PBXNativeTarget section */
		B5A43AB21C2DB95400CC07A5 /* DPad */ = {
			isa = PBXNativeTarget;
			buildConfigurationList = B5A43ABB1C2DB95400CC07A5 /* Build configuration list for PBXNativeTarget "DPad" */;
			buildPhases = (
				B5A43AAE1C2DB95400CC07A5 /* Sources */,
				B5A43AAF1C2DB95400CC07A5 /* Frameworks */,
				B5A43AB01C2DB95400CC07A5 /* Headers */,
				B5A43AB11C2DB95400CC07A5 /* Resources */,
				B5A43AFA1C2DC44C00CC07A5 /* SwiftLint */,
			);
			buildRules = (
			);
			dependencies = (
			);
			name = DPad;
			productName = DPad;
			productReference = B5A43AB31C2DB95400CC07A5 /* DPad.framework */;
			productType = "com.apple.product-type.framework";
		};
/* End PBXNativeTarget section */

/* Begin PBXProject section */
		B5A43AAA1C2DB95400CC07A5 /* Project object */ = {
			isa = PBXProject;
			attributes = {
				LastUpgradeCheck = 0720;
				ORGANIZATIONNAME = "Matt Buckley";
				TargetAttributes = {
					B5A43AB21C2DB95400CC07A5 = {
						CreatedOnToolsVersion = 7.2;
					};
				};
			};
			buildConfigurationList = B5A43AAD1C2DB95400CC07A5 /* Build configuration list for PBXProject "DPad" */;
			compatibilityVersion = "Xcode 3.2";
			developmentRegion = English;
			hasScannedForEncodings = 0;
			knownRegions = (
				en,
			);
			mainGroup = B5A43AA91C2DB95400CC07A5;
			productRefGroup = B5A43AB41C2DB95400CC07A5 /* Products */;
			projectDirPath = "";
			projectRoot = "";
			targets = (
				B5A43AB21C2DB95400CC07A5 /* DPad */,
			);
		};
/* End PBXProject section */

/* Begin PBXResourcesBuildPhase section */
		B5A43AB11C2DB95400CC07A5 /* Resources */ = {
			isa = PBXResourcesBuildPhase;
			buildActionMask = 2147483647;
			files = (
			);
			runOnlyForDeploymentPostprocessing = 0;
		};
/* End PBXResourcesBuildPhase section */

/* Begin PBXShellScriptBuildPhase section */
		B5A43AFA1C2DC44C00CC07A5 /* SwiftLint */ = {
			isa = PBXShellScriptBuildPhase;
			buildActionMask = 2147483647;
			files = (
			);
			inputPaths = (
			);
			name = SwiftLint;
			outputPaths = (
			);
			runOnlyForDeploymentPostprocessing = 0;
			shellPath = /bin/sh;
			shellScript = "if which swiftlint >/dev/null; then\nswiftlint\nelse\necho \"SwiftLint does not exist, download from https://github.com/realm/SwiftLint\"\nfi";
		};
/* End PBXShellScriptBuildPhase section */

/* Begin PBXSourcesBuildPhase section */
		B5A43AAE1C2DB95400CC07A5 /* Sources */ = {
			isa = PBXSourcesBuildPhase;
			buildActionMask = 2147483647;
			files = (
				B5A43AF01C2DBD5600CC07A5 /* DPad.swift in Sources */,
				B5A43AF21C2DBDBB00CC07A5 /* Vec2.swift in Sources */,
			);
			runOnlyForDeploymentPostprocessing = 0;
		};
/* End PBXSourcesBuildPhase section */

/* Begin XCBuildConfiguration section */
		B5A43AB91C2DB95400CC07A5 /* Debug */ = {
			isa = XCBuildConfiguration;
			buildSettings = {
				ALWAYS_SEARCH_USER_PATHS = NO;
				CLANG_CXX_LANGUAGE_STANDARD = "gnu++0x";
				CLANG_CXX_LIBRARY = "libc++";
				CLANG_ENABLE_MODULES = YES;
				CLANG_ENABLE_OBJC_ARC = YES;
				CLANG_WARN_BOOL_CONVERSION = YES;
				CLANG_WARN_CONSTANT_CONVERSION = YES;
				CLANG_WARN_DIRECT_OBJC_ISA_USAGE = YES_ERROR;
				CLANG_WARN_EMPTY_BODY = YES;
				CLANG_WARN_ENUM_CONVERSION = YES;
				CLANG_WARN_INT_CONVERSION = YES;
				CLANG_WARN_OBJC_ROOT_CLASS = YES_ERROR;
				CLANG_WARN_UNREACHABLE_CODE = YES;
				CLANG_WARN__DUPLICATE_METHOD_MATCH = YES;
				"CODE_SIGN_IDENTITY[sdk=iphoneos*]" = "iPhone Developer";
				COPY_PHASE_STRIP = NO;
				CURRENT_PROJECT_VERSION = 1;
				DEBUG_INFORMATION_FORMAT = dwarf;
				ENABLE_STRICT_OBJC_MSGSEND = YES;
				ENABLE_TESTABILITY = YES;
				GCC_C_LANGUAGE_STANDARD = gnu99;
				GCC_DYNAMIC_NO_PIC = NO;
				GCC_NO_COMMON_BLOCKS = YES;
				GCC_OPTIMIZATION_LEVEL = 0;
				GCC_PREPROCESSOR_DEFINITIONS = (
					"DEBUG=1",
					"$(inherited)",
				);
				GCC_WARN_64_TO_32_BIT_CONVERSION = YES;
				GCC_WARN_ABOUT_RETURN_TYPE = YES_ERROR;
				GCC_WARN_UNDECLARED_SELECTOR = YES;
				GCC_WARN_UNINITIALIZED_AUTOS = YES_AGGRESSIVE;
				GCC_WARN_UNUSED_FUNCTION = YES;
				GCC_WARN_UNUSED_VARIABLE = YES;
				IPHONEOS_DEPLOYMENT_TARGET = 9.2;
				MTL_ENABLE_DEBUG_INFO = YES;
				ONLY_ACTIVE_ARCH = YES;
				SDKROOT = iphoneos;
				SWIFT_OPTIMIZATION_LEVEL = "-Onone";
				TARGETED_DEVICE_FAMILY = "1,2";
				VERSIONING_SYSTEM = "apple-generic";
				VERSION_INFO_PREFIX = "";
			};
			name = Debug;
		};
		B5A43ABA1C2DB95400CC07A5 /* Release */ = {
			isa = XCBuildConfiguration;
			buildSettings = {
				ALWAYS_SEARCH_USER_PATHS = NO;
				CLANG_CXX_LANGUAGE_STANDARD = "gnu++0x";
				CLANG_CXX_LIBRARY = "libc++";
				CLANG_ENABLE_MODULES = YES;
				CLANG_ENABLE_OBJC_ARC = YES;
				CLANG_WARN_BOOL_CONVERSION = YES;
				CLANG_WARN_CONSTANT_CONVERSION = YES;
				CLANG_WARN_DIRECT_OBJC_ISA_USAGE = YES_ERROR;
				CLANG_WARN_EMPTY_BODY = YES;
				CLANG_WARN_ENUM_CONVERSION = YES;
				CLANG_WARN_INT_CONVERSION = YES;
				CLANG_WARN_OBJC_ROOT_CLASS = YES_ERROR;
				CLANG_WARN_UNREACHABLE_CODE = YES;
				CLANG_WARN__DUPLICATE_METHOD_MATCH = YES;
				"CODE_SIGN_IDENTITY[sdk=iphoneos*]" = "iPhone Developer";
				COPY_PHASE_STRIP = NO;
				CURRENT_PROJECT_VERSION = 1;
				DEBUG_INFORMATION_FORMAT = "dwarf-with-dsym";
				ENABLE_NS_ASSERTIONS = NO;
				ENABLE_STRICT_OBJC_MSGSEND = YES;
				GCC_C_LANGUAGE_STANDARD = gnu99;
				GCC_NO_COMMON_BLOCKS = YES;
				GCC_WARN_64_TO_32_BIT_CONVERSION = YES;
				GCC_WARN_ABOUT_RETURN_TYPE = YES_ERROR;
				GCC_WARN_UNDECLARED_SELECTOR = YES;
				GCC_WARN_UNINITIALIZED_AUTOS = YES_AGGRESSIVE;
				GCC_WARN_UNUSED_FUNCTION = YES;
				GCC_WARN_UNUSED_VARIABLE = YES;
				IPHONEOS_DEPLOYMENT_TARGET = 9.2;
				MTL_ENABLE_DEBUG_INFO = NO;
				SDKROOT = iphoneos;
				TARGETED_DEVICE_FAMILY = "1,2";
				VALIDATE_PRODUCT = YES;
				VERSIONING_SYSTEM = "apple-generic";
				VERSION_INFO_PREFIX = "";
			};
			name = Release;
		};
		B5A43ABC1C2DB95400CC07A5 /* Debug */ = {
			isa = XCBuildConfiguration;
			buildSettings = {
				CLANG_ENABLE_MODULES = YES;
				DEFINES_MODULE = YES;
				DYLIB_COMPATIBILITY_VERSION = 1;
				DYLIB_CURRENT_VERSION = 1;
				DYLIB_INSTALL_NAME_BASE = "@rpath";
				INFOPLIST_FILE = DPad/Info.plist;
				INSTALL_PATH = "$(LOCAL_LIBRARY_DIR)/Frameworks";
				LD_RUNPATH_SEARCH_PATHS = "$(inherited) @executable_path/Frameworks @loader_path/Frameworks";
				PRODUCT_BUNDLE_IDENTIFIER = com.mattbuckley.DPad;
				PRODUCT_NAME = "$(TARGET_NAME)";
				SKIP_INSTALL = YES;
				SWIFT_OPTIMIZATION_LEVEL = "-Onone";
			};
			name = Debug;
		};
		B5A43ABD1C2DB95400CC07A5 /* Release */ = {
			isa = XCBuildConfiguration;
			buildSettings = {
				CLANG_ENABLE_MODULES = YES;
				DEFINES_MODULE = YES;
				DYLIB_COMPATIBILITY_VERSION = 1;
				DYLIB_CURRENT_VERSION = 1;
				DYLIB_INSTALL_NAME_BASE = "@rpath";
				INFOPLIST_FILE = DPad/Info.plist;
				INSTALL_PATH = "$(LOCAL_LIBRARY_DIR)/Frameworks";
				LD_RUNPATH_SEARCH_PATHS = "$(inherited) @executable_path/Frameworks @loader_path/Frameworks";
				PRODUCT_BUNDLE_IDENTIFIER = com.mattbuckley.DPad;
				PRODUCT_NAME = "$(TARGET_NAME)";
				SKIP_INSTALL = YES;
			};
			name = Release;
		};
/* End XCBuildConfiguration section */

/* Begin XCConfigurationList section */
		B5A43AAD1C2DB95400CC07A5 /* Build configuration list for PBXProject "DPad" */ = {
			isa = XCConfigurationList;
			buildConfigurations = (
				B5A43AB91C2DB95400CC07A5 /* Debug */,
				B5A43ABA1C2DB95400CC07A5 /* Release */,
			);
			defaultConfigurationIsVisible = 0;
			defaultConfigurationName = Release;
		};
		B5A43ABB1C2DB95400CC07A5 /* Build configuration list for PBXNativeTarget "DPad" */ = {
			isa = XCConfigurationList;
			buildConfigurations = (
				B5A43ABC1C2DB95400CC07A5 /* Debug */,
				B5A43ABD1C2DB95400CC07A5 /* Release */,
			);
			defaultConfigurationIsVisible = 0;
			defaultConfigurationName = Release;
		};
/* End XCConfigurationList section */
	};
	rootObject = B5A43AAA1C2DB95400CC07A5 /* Project object */;
}
